
Microsoft Visual Studio Solution File, Format Version 12.00
# Visual Studio Version 17
VisualStudioVersion = 17.14.37710.0 d17.14
MinimumVisualStudioVersion = 10.0.40219.1
Project("{FAE04EC0-301F-11D3-BF4B-00C04F79EFBC}") = "Path_finder", "Path_finder\Path_finder.csproj", "{69E12FCA-2B8E-4F4A-A93D-A247216D4C15}"
EndProject
Global
	GlobalSection(SolutionConfigurationPlatforms) = preSolution
		Debug|Any CPU = Debug|Any CPU
		Release|Any CPU = Release|Any CPU
	EndGlobalSection
	GlobalSection(ProjectConfigurationPlatforms) = postSolution
		{69E12FCA-2B8E-4F4A-A93D-A247216D4C15}.Debug|Any CPU.ActiveCfg = Debug|Any CPU
		{69E12FCA-2B8E-4F4A-A93D-A247216D4C15}.Debug|Any CPU.Build.0 = Debug|Any CPU
		{69E12FCA-2B8E-4F4A-A93D-A247216D4C15}.Release|Any CPU.ActiveCfg = Release|Any CPU
		{69E12FCA-2B8E-4F4A-A93D-A247216D4C15}.Release|Any CPU.Build.0 = Release|Any CPU
	EndGlobalSection
	GlobalSection(SolutionProperties) = preSolution
		HideSolutionNode = FALSE
	EndGlobalSection
	GlobalSection(ExtensibilityGlobals) = postSolution
		SolutionGuid = {4B545D1E-496C-485A-87F3-314982B02D0A}
	EndGlobalSection
EndGlobal
